// !$*UTF8*$!
{
	archiveVersion = 1;
	classes = {
	};
	objectVersion = 56;
	objects = {

/* Begin PBXBuildFile section */
		847EFE1F29EEEF5B005CC7FE /* WebView.swift in Sources */ = {isa = PBXBuildFile; fileRef = 847EFE1E29EEEF5B005CC7FE /* WebView.swift */; };
		84918C6F29E2F92000EE269D /* NewsModel.swift in Sources */ = {isa = PBXBuildFile; fileRef = 84918C6E29E2F92000EE269D /* NewsModel.swift */; };
		84918C7929E435C300EE269D /* MainTableView.swift in Sources */ = {isa = PBXBuildFile; fileRef = 84918C7829E435C300EE269D /* MainTableView.swift */; };
		84918C7B29E435F900EE269D /* DetailView.swift in Sources */ = {isa = PBXBuildFile; fileRef = 84918C7A29E435F900EE269D /* DetailView.swift */; };
		84918C9D29EAE29D00EE269D /* CellModel.swift in Sources */ = {isa = PBXBuildFile; fileRef = 84918C9C29EAE29D00EE269D /* CellModel.swift */; };
		84AEC0BA29CC645900D211DF /* AppDelegate.swift in Sources */ = {isa = PBXBuildFile; fileRef = 84AEC0B929CC645900D211DF /* AppDelegate.swift */; };
		84AEC0BC29CC645900D211DF /* SceneDelegate.swift in Sources */ = {isa = PBXBuildFile; fileRef = 84AEC0BB29CC645900D211DF /* SceneDelegate.swift */; };
		84AEC0BE29CC645900D211DF /* NetworkServiceController.swift in Sources */ = {isa = PBXBuildFile; fileRef = 84AEC0BD29CC645900D211DF /* NetworkServiceController.swift */; };
		84AEC0C129CC645900D211DF /* Main.storyboard in Resources */ = {isa = PBXBuildFile; fileRef = 84AEC0BF29CC645900D211DF /* Main.storyboard */; };
		84AEC0C429CC645900D211DF /* NewsApp.xcdatamodeld in Sources */ = {isa = PBXBuildFile; fileRef = 84AEC0C229CC645900D211DF /* NewsApp.xcdatamodeld */; };
		84AEC0C629CC645D00D211DF /* Assets.xcassets in Resources */ = {isa = PBXBuildFile; fileRef = 84AEC0C529CC645D00D211DF /* Assets.xcassets */; };
		84AEC0C929CC645D00D211DF /* LaunchScreen.storyboard in Resources */ = {isa = PBXBuildFile; fileRef = 84AEC0C729CC645D00D211DF /* LaunchScreen.storyboard */; };
/* End PBXBuildFile section */

/* Begin PBXFileReference section */
		847EFE1E29EEEF5B005CC7FE /* WebView.swift */ = {isa = PBXFileReference; lastKnownFileType = sourcecode.swift; path = WebView.swift; sourceTree = "<group>"; };
		84918C6E29E2F92000EE269D /* NewsModel.swift */ = {isa = PBXFileReference; lastKnownFileType = sourcecode.swift; path = NewsModel.swift; sourceTree = "<group>"; };
		84918C7829E435C300EE269D /* MainTableView.swift */ = {isa = PBXFileReference; lastKnownFileType = sourcecode.swift; path = MainTableView.swift; sourceTree = "<group>"; };
		84918C7A29E435F900EE269D /* DetailView.swift */ = {isa = PBXFileReference; lastKnownFileType = sourcecode.swift; path = DetailView.swift; sourceTree = "<group>"; };
		84918C9C29EAE29D00EE269D /* CellModel.swift */ = {isa = PBXFileReference; lastKnownFileType = sourcecode.swift; path = CellModel.swift; sourceTree = "<group>"; };
		84AEC0B629CC645900D211DF /* NewsApp_01.app */ = {isa = PBXFileReference; explicitFileType = wrapper.application; includeInIndex = 0; path = NewsApp_01.app; sourceTree = BUILT_PRODUCTS_DIR; };
		84AEC0B929CC645900D211DF /* AppDelegate.swift */ = {isa = PBXFileReference; lastKnownFileType = sourcecode.swift; path = AppDelegate.swift; sourceTree = "<group>"; };
		84AEC0BB29CC645900D211DF /* SceneDelegate.swift */ = {isa = PBXFileReference; lastKnownFileType = sourcecode.swift; path = SceneDelegate.swift; sourceTree = "<group>"; };
		84AEC0BD29CC645900D211DF /* NetworkServiceController.swift */ = {isa = PBXFileReference; lastKnownFileType = sourcecode.swift; path = NetworkServiceController.swift; sourceTree = "<group>"; };
		84AEC0C029CC645900D211DF /* Base */ = {isa = PBXFileReference; lastKnownFileType = file.storyboard; name = Base; path = Base.lproj/Main.storyboard; sourceTree = "<group>"; };
		84AEC0C329CC645900D211DF /* YanPractice23_03.xcdatamodel */ = {isa = PBXFileReference; lastKnownFileType = wrapper.xcdatamodel; path = YanPractice23_03.xcdatamodel; sourceTree = "<group>"; };
		84AEC0C529CC645D00D211DF /* Assets.xcassets */ = {isa = PBXFileReference; lastKnownFileType = folder.assetcatalog; path = Assets.xcassets; sourceTree = "<group>"; };
		84AEC0C829CC645D00D211DF /* Base */ = {isa = PBXFileReference; lastKnownFileType = file.storyboard; name = Base; path = Base.lproj/LaunchScreen.storyboard; sourceTree = "<group>"; };
		84AEC0CA29CC645D00D211DF /* Info.plist */ = {isa = PBXFileReference; lastKnownFileType = text.plist; name = Info.plist; path = YanPractice23.03/infoplist/Info.plist; sourceTree = SOURCE_ROOT; };
/* End PBXFileReference section */

/* Begin PBXFrameworksBuildPhase section */
		84AEC0B329CC645900D211DF /* Frameworks */ = {
			isa = PBXFrameworksBuildPhase;
			buildActionMask = 2147483647;
			files = (
			);
			runOnlyForDeploymentPostprocessing = 0;
		};
/* End PBXFrameworksBuildPhase section */

/* Begin PBXGroup section */
		843DF56829F44B7200490B90 /* Resources */ = {
			isa = PBXGroup;
			children = (
				84AEC0B929CC645900D211DF /* AppDelegate.swift */,
				84AEC0BB29CC645900D211DF /* SceneDelegate.swift */,
				84AEC0C529CC645D00D211DF /* Assets.xcassets */,
				84AEC0CA29CC645D00D211DF /* Info.plist */,
			);
			path = Resources;
			sourceTree = "<group>";
		};
		843DF56929F45DE300490B90 /* Storyboards */ = {
			isa = PBXGroup;
			children = (
				84AEC0BF29CC645900D211DF /* Main.storyboard */,
				84AEC0C729CC645D00D211DF /* LaunchScreen.storyboard */,
			);
			path = Storyboards;
			sourceTree = "<group>";
		};
		84918C7129E4349A00EE269D /* Models */ = {
			isa = PBXGroup;
			children = (
				84918C6E29E2F92000EE269D /* NewsModel.swift */,
				84918C9C29EAE29D00EE269D /* CellModel.swift */,
			);
			path = Models;
			sourceTree = "<group>";
		};
		84918C7229E434B100EE269D /* Controllers */ = {
			isa = PBXGroup;
			children = (
				84AEC0BD29CC645900D211DF /* NetworkServiceController.swift */,
			);
			path = Controllers;
			sourceTree = "<group>";
		};
		84918C7329E434E500EE269D /* Views */ = {
			isa = PBXGroup;
			children = (
				84918C7829E435C300EE269D /* MainTableView.swift */,
				84918C7A29E435F900EE269D /* DetailView.swift */,
				847EFE1E29EEEF5B005CC7FE /* WebView.swift */,
			);
			path = Views;
			sourceTree = "<group>";
		};
		84AEC0AD29CC645900D211DF = {
			isa = PBXGroup;
			children = (
				84AEC0B829CC645900D211DF /* NewsApp */,
				84AEC0B729CC645900D211DF /* Products */,
			);
			sourceTree = "<group>";
		};
		84AEC0B729CC645900D211DF /* Products */ = {
			isa = PBXGroup;
			children = (
				84AEC0B629CC645900D211DF /* NewsApp_01.app */,
			);
			name = Products;
			sourceTree = "<group>";
		};
		84AEC0B829CC645900D211DF /* NewsApp */ = {
			isa = PBXGroup;
			children = (
				84918C7129E4349A00EE269D /* Models */,
				84918C7329E434E500EE269D /* Views */,
				84918C7229E434B100EE269D /* Controllers */,
				843DF56929F45DE300490B90 /* Storyboards */,
				843DF56829F44B7200490B90 /* Resources */,
				84AEC0C229CC645900D211DF /* NewsApp.xcdatamodeld */,
			);
			path = NewsApp;
			sourceTree = "<group>";
		};
/* End PBXGroup section */

/* Begin PBXNativeTarget section */
		84AEC0B529CC645900D211DF /* NewsApp_01 */ = {
			isa = PBXNativeTarget;
			buildConfigurationList = 84AEC0CD29CC645D00D211DF /* Build configuration list for PBXNativeTarget "NewsApp_01" */;
			buildPhases = (
				84AEC0B229CC645900D211DF /* Sources */,
				84AEC0B329CC645900D211DF /* Frameworks */,
				84AEC0B429CC645900D211DF /* Resources */,
			);
			buildRules = (
			);
			dependencies = (
			);
			name = NewsApp_01;
			productName = YanPractice23.03;
			productReference = 84AEC0B629CC645900D211DF /* NewsApp_01.app */;
			productType = "com.apple.product-type.application";
		};
/* End PBXNativeTarget section */

/* Begin PBXProject section */
		84AEC0AE29CC645900D211DF /* Project object */ = {
			isa = PBXProject;
			attributes = {
				BuildIndependentTargetsInParallel = 1;
				LastSwiftUpdateCheck = 1420;
				LastUpgradeCheck = 1420;
				TargetAttributes = {
					84AEC0B529CC645900D211DF = {
						CreatedOnToolsVersion = 14.2;
					};
				};
			};
			buildConfigurationList = 84AEC0B129CC645900D211DF /* Build configuration list for PBXProject "NewsApp_01" */;
			compatibilityVersion = "Xcode 14.0";
			developmentRegion = en;
			hasScannedForEncodings = 0;
			knownRegions = (
				en,
				Base,
			);
			mainGroup = 84AEC0AD29CC645900D211DF;
			productRefGroup = 84AEC0B729CC645900D211DF /* Products */;
			projectDirPath = "";
			projectRoot = "";
			targets = (
				84AEC0B529CC645900D211DF /* NewsApp_01 */,
			);
		};
/* End PBXProject section */

/* Begin PBXResourcesBuildPhase section */
		84AEC0B429CC645900D211DF /* Resources */ = {
			isa = PBXResourcesBuildPhase;
			buildActionMask = 2147483647;
			files = (
				84AEC0C929CC645D00D211DF /* LaunchScreen.storyboard in Resources */,
				84AEC0C629CC645D00D211DF /* Assets.xcassets in Resources */,
				84AEC0C129CC645900D211DF /* Main.storyboard in Resources */,
			);
			runOnlyForDeploymentPostprocessing = 0;
		};
/* End PBXResourcesBuildPhase section */

/* Begin PBXSourcesBuildPhase section */
		84AEC0B229CC645900D211DF /* Sources */ = {
			isa = PBXSourcesBuildPhase;
			buildActionMask = 2147483647;
			files = (
				84AEC0BE29CC645900D211DF /* NetworkServiceController.swift in Sources */,
				84AEC0BA29CC645900D211DF /* AppDelegate.swift in Sources */,
				84AEC0BC29CC645900D211DF /* SceneDelegate.swift in Sources */,
				84918C9D29EAE29D00EE269D /* CellModel.swift in Sources */,
				84AEC0C429CC645900D211DF /* NewsApp.xcdatamodeld in Sources */,
				84918C6F29E2F92000EE269D /* NewsModel.swift in Sources */,
				847EFE1F29EEEF5B005CC7FE /* WebView.swift in Sources */,
				84918C7929E435C300EE269D /* MainTableView.swift in Sources */,
				84918C7B29E435F900EE269D /* DetailView.swift in Sources */,
			);
			runOnlyForDeploymentPostprocessing = 0;
		};
/* End PBXSourcesBuildPhase section */

/* Begin PBXVariantGroup section */
		84AEC0BF29CC645900D211DF /* Main.storyboard */ = {
			isa = PBXVariantGroup;
			children = (
				84AEC0C029CC645900D211DF /* Base */,
			);
			name = Main.storyboard;
			sourceTree = "<group>";
		};
		84AEC0C729CC645D00D211DF /* LaunchScreen.storyboard */ = {
			isa = PBXVariantGroup;
			children = (
				84AEC0C829CC645D00D211DF /* Base */,
			);
			name = LaunchScreen.storyboard;
			sourceTree = "<group>";
		};
/* End PBXVariantGroup section */

/* Begin XCBuildConfiguration section */
		84AEC0CB29CC645D00D211DF /* Debug */ = {
			isa = XCBuildConfiguration;
			buildSettings = {
				ALWAYS_SEARCH_USER_PATHS = NO;
				CLANG_ANALYZER_NONNULL = YES;
				CLANG_ANALYZER_NUMBER_OBJECT_CONVERSION = YES_AGGRESSIVE;
				CLANG_CXX_LANGUAGE_STANDARD = "gnu++20";
				CLANG_ENABLE_MODULES = YES;
				CLANG_ENABLE_OBJC_ARC = YES;
				CLANG_ENABLE_OBJC_WEAK = YES;
				CLANG_WARN_BLOCK_CAPTURE_AUTORELEASING = YES;
				CLANG_WARN_BOOL_CONVERSION = YES;
				CLANG_WARN_COMMA = YES;
				CLANG_WARN_CONSTANT_CONVERSION = YES;
				CLANG_WARN_DEPRECATED_OBJC_IMPLEMENTATIONS = YES;
				CLANG_WARN_DIRECT_OBJC_ISA_USAGE = YES_ERROR;
				CLANG_WARN_DOCUMENTATION_COMMENTS = YES;
				CLANG_WARN_EMPTY_BODY = YES;
				CLANG_WARN_ENUM_CONVERSION = YES;
				CLANG_WARN_INFINITE_RECURSION = YES;
				CLANG_WARN_INT_CONVERSION = YES;
				CLANG_WARN_NON_LITERAL_NULL_CONVERSION = YES;
				CLANG_WARN_OBJC_IMPLICIT_RETAIN_SELF = YES;
				CLANG_WARN_OBJC_LITERAL_CONVERSION = YES;
				CLANG_WARN_OBJC_ROOT_CLASS = YES_ERROR;
				CLANG_WARN_QUOTED_INCLUDE_IN_FRAMEWORK_HEADER = YES;
				CLANG_WARN_RANGE_LOOP_ANALYSIS = YES;
				CLANG_WARN_STRICT_PROTOTYPES = YES;
				CLANG_WARN_SUSPICIOUS_MOVE = YES;
				CLANG_WARN_UNGUARDED_AVAILABILITY = YES_AGGRESSIVE;
				CLANG_WARN_UNREACHABLE_CODE = YES;
				CLANG_WARN__DUPLICATE_METHOD_MATCH = YES;
				COPY_PHASE_STRIP = NO;
				DEBUG_INFORMATION_FORMAT = dwarf;
				ENABLE_STRICT_OBJC_MSGSEND = YES;
				ENABLE_TESTABILITY = YES;
				GCC_C_LANGUAGE_STANDARD = gnu11;
				GCC_DYNAMIC_NO_PIC = NO;
				GCC_NO_COMMON_BLOCKS = YES;
				GCC_OPTIMIZATION_LEVEL = 0;
				GCC_PREPROCESSOR_DEFINITIONS = (
					"DEBUG=1",
					"$(inherited)",
				);
				GCC_WARN_64_TO_32_BIT_CONVERSION = YES;
				GCC_WARN_ABOUT_RETURN_TYPE = YES_ERROR;
				GCC_WARN_UNDECLARED_SELECTOR = YES;
				GCC_WARN_UNINITIALIZED_AUTOS = YES_AGGRESSIVE;
				GCC_WARN_UNUSED_FUNCTION = YES;
				GCC_WARN_UNUSED_VARIABLE = YES;
				IPHONEOS_DEPLOYMENT_TARGET = 16.2;
				MTL_ENABLE_DEBUG_INFO = INCLUDE_SOURCE;
				MTL_FAST_MATH = YES;
				ONLY_ACTIVE_ARCH = YES;
				SDKROOT = iphoneos;
				SWIFT_ACTIVE_COMPILATION_CONDITIONS = DEBUG;
				SWIFT_OPTIMIZATION_LEVEL = "-Onone";
			};
			name = Debug;
		};
		84AEC0CC29CC645D00D211DF /* Release */ = {
			isa = XCBuildConfiguration;
			buildSettings = {
				ALWAYS_SEARCH_USER_PATHS = NO;
				CLANG_ANALYZER_NONNULL = YES;
				CLANG_ANALYZER_NUMBER_OBJECT_CONVERSION = YES_AGGRESSIVE;
				CLANG_CXX_LANGUAGE_STANDARD = "gnu++20";
				CLANG_ENABLE_MODULES = YES;
				CLANG_ENABLE_OBJC_ARC = YES;
				CLANG_ENABLE_OBJC_WEAK = YES;
				CLANG_WARN_BLOCK_CAPTURE_AUTORELEASING = YES;
				CLANG_WARN_BOOL_CONVERSION = YES;
				CLANG_WARN_COMMA = YES;
				CLANG_WARN_CONSTANT_CONVERSION = YES;
				CLANG_WARN_DEPRECATED_OBJC_IMPLEMENTATIONS = YES;
				CLANG_WARN_DIRECT_OBJC_ISA_USAGE = YES_ERROR;
				CLANG_WARN_DOCUMENTATION_COMMENTS = YES;
				CLANG_WARN_EMPTY_BODY = YES;
				CLANG_WARN_ENUM_CONVERSION = YES;
				CLANG_WARN_INFINITE_RECURSION = YES;
				CLANG_WARN_INT_CONVERSION = YES;
				CLANG_WARN_NON_LITERAL_NULL_CONVERSION = YES;
				CLANG_WARN_OBJC_IMPLICIT_RETAIN_SELF = YES;
				CLANG_WARN_OBJC_LITERAL_CONVERSION = YES;
				CLANG_WARN_OBJC_ROOT_CLASS = YES_ERROR;
				CLANG_WARN_QUOTED_INCLUDE_IN_FRAMEWORK_HEADER = YES;
				CLANG_WARN_RANGE_LOOP_ANALYSIS = YES;
				CLANG_WARN_STRICT_PROTOTYPES = YES;
				CLANG_WARN_SUSPICIOUS_MOVE = YES;
				CLANG_WARN_UNGUARDED_AVAILABILITY = YES_AGGRESSIVE;
				CLANG_WARN_UNREACHABLE_CODE = YES;
				CLANG_WARN__DUPLICATE_METHOD_MATCH = YES;
				COPY_PHASE_STRIP = NO;
				DEBUG_INFORMATION_FORMAT = "dwarf-with-dsym";
				ENABLE_NS_ASSERTIONS = NO;
				ENABLE_STRICT_OBJC_MSGSEND = YES;
				GCC_C_LANGUAGE_STANDARD = gnu11;
				GCC_NO_COMMON_BLOCKS = YES;
				GCC_WARN_64_TO_32_BIT_CONVERSION = YES;
				GCC_WARN_ABOUT_RETURN_TYPE = YES_ERROR;
				GCC_WARN_UNDECLARED_SELECTOR = YES;
				GCC_WARN_UNINITIALIZED_AUTOS = YES_AGGRESSIVE;
				GCC_WARN_UNUSED_FUNCTION = YES;
				GCC_WARN_UNUSED_VARIABLE = YES;
				IPHONEOS_DEPLOYMENT_TARGET = 16.2;
				MTL_ENABLE_DEBUG_INFO = NO;
				MTL_FAST_MATH = YES;
				SDKROOT = iphoneos;
				SWIFT_COMPILATION_MODE = wholemodule;
				SWIFT_OPTIMIZATION_LEVEL = "-O";
				VALIDATE_PRODUCT = YES;
			};
			name = Release;
		};
		84AEC0CE29CC645D00D211DF /* Debug */ = {
			isa = XCBuildConfiguration;
			buildSettings = {
				ASSETCATALOG_COMPILER_APPICON_NAME = AppIcon;
				ASSETCATALOG_COMPILER_GLOBAL_ACCENT_COLOR_NAME = AccentColor;
				CODE_SIGN_STYLE = Automatic;
				CURRENT_PROJECT_VERSION = 1;
				DEVELOPMENT_TEAM = AZ584T93HH;
				GENERATE_INFOPLIST_FILE = YES;
				INFOPLIST_FILE = NewsApp/Resources/Info.plist;
				INFOPLIST_KEY_CFBundleDisplayName = News01;
				INFOPLIST_KEY_UIApplicationSupportsIndirectInputEvents = YES;
				INFOPLIST_KEY_UILaunchStoryboardName = LaunchScreen;
				INFOPLIST_KEY_UIMainStoryboardFile = Main;
				INFOPLIST_KEY_UISupportedInterfaceOrientations_iPad = "UIInterfaceOrientationPortrait UIInterfaceOrientationPortraitUpsideDown UIInterfaceOrientationLandscapeLeft UIInterfaceOrientationLandscapeRight";
				INFOPLIST_KEY_UISupportedInterfaceOrientations_iPhone = "UIInterfaceOrientationPortrait UIInterfaceOrientationLandscapeLeft UIInterfaceOrientationLandscapeRight";
				IPHONEOS_DEPLOYMENT_TARGET = 14.0;
				LD_RUNPATH_SEARCH_PATHS = (
					"$(inherited)",
					"@executable_path/Frameworks",
				);
				MARKETING_VERSION = 1.0;
				PRODUCT_BUNDLE_IDENTIFIER = "jorik.YanPractice23-03";
				PRODUCT_NAME = "$(TARGET_NAME)";
				SWIFT_EMIT_LOC_STRINGS = YES;
				SWIFT_VERSION = 5.0;
				TARGETED_DEVICE_FAMILY = "1,2";
			};
			name = Debug;
		};
		84AEC0CF29CC645D00D211DF /* Release */ = {
			isa = XCBuildConfiguration;
			buildSettings = {
				ASSETCATALOG_COMPILER_APPICON_NAME = AppIcon;
				ASSETCATALOG_COMPILER_GLOBAL_ACCENT_COLOR_NAME = AccentColor;
				CODE_SIGN_STYLE = Automatic;
				CURRENT_PROJECT_VERSION = 1;
				DEVELOPMENT_TEAM = AZ584T93HH;
				GENERATE_INFOPLIST_FILE = YES;
				INFOPLIST_FILE = NewsApp/Resources/Info.plist;
				INFOPLIST_KEY_CFBundleDisplayName = News01;
				INFOPLIST_KEY_UIApplicationSupportsIndirectInputEvents = YES;
				INFOPLIST_KEY_UILaunchStoryboardName = LaunchScreen;
				INFOPLIST_KEY_UIMainStoryboardFile = Main;
				INFOPLIST_KEY_UISupportedInterfaceOrientations_iPad = "UIInterfaceOrientationPortrait UIInterfaceOrientationPortraitUpsideDown UIInterfaceOrientationLandscapeLeft UIInterfaceOrientationLandscapeRight";
				INFOPLIST_KEY_UISupportedInterfaceOrientations_iPhone = "UIInterfaceOrientationPortrait UIInterfaceOrientationLandscapeLeft UIInterfaceOrientationLandscapeRight";
				IPHONEOS_DEPLOYMENT_TARGET = 14.0;
				LD_RUNPATH_SEARCH_PATHS = (
					"$(inherited)",
					"@executable_path/Frameworks",
				);
				MARKETING_VERSION = 1.0;
				PRODUCT_BUNDLE_IDENTIFIER = "jorik.YanPractice23-03";
				PRODUCT_NAME = "$(TARGET_NAME)";
				SWIFT_EMIT_LOC_STRINGS = YES;
				SWIFT_VERSION = 5.0;
				TARGETED_DEVICE_FAMILY = "1,2";
			};
			name = Release;
		};
/* End XCBuildConfiguration section */

/* Begin XCConfigurationList section */
		84AEC0B129CC645900D211DF /* Build configuration list for PBXProject "NewsApp_01" */ = {
			isa = XCConfigurationList;
			buildConfigurations = (
				84AEC0CB29CC645D00D211DF /* Debug */,
				84AEC0CC29CC645D00D211DF /* Release */,
			);
			defaultConfigurationIsVisible = 0;
			defaultConfigurationName = Release;
		};
		84AEC0CD29CC645D00D211DF /* Build configuration list for PBXNativeTarget "NewsApp_01" */ = {
			isa = XCConfigurationList;
			buildConfigurations = (
				84AEC0CE29CC645D00D211DF /* Debug */,
				84AEC0CF29CC645D00D211DF /* Release */,
			);
			defaultConfigurationIsVisible = 0;
			defaultConfigurationName = Release;
		};
/* End XCConfigurationList section */

/* Begin XCVersionGroup section */
		84AEC0C229CC645900D211DF /* NewsApp.xcdatamodeld */ = {
			isa = XCVersionGroup;
			children = (
				84AEC0C329CC645900D211DF /* YanPractice23_03.xcdatamodel */,
			);
			currentVersion = 84AEC0C329CC645900D211DF /* YanPractice23_03.xcdatamodel */;
			path = NewsApp.xcdatamodeld;
			sourceTree = "<group>";
			versionGroupType = wrapper.xcdatamodel;
		};
/* End XCVersionGroup section */
	};
	rootObject = 84AEC0AE29CC645900D211DF /* Project object */;
}
